
Microsoft Visual Studio Solution File, Format Version 12.00
# Visual Studio Version 16
VisualStudioVersion = 16.0.30104.148
MinimumVisualStudioVersion = 10.0.40219.1
Project("{8BC9CEB8-8B4A-11D0-8D11-00A0C91BC942}") = "SDL-Tutorial-02", "SDL-Tutorial-02.vcxproj", "{1EB5939A-3F93-4568-8D02-8A89CA0CA02E}"
EndProject
Global
	GlobalSection(SolutionConfigurationPlatforms) = preSolution
		Debug|x64 = Debug|x64
		Debug|x86 = Debug|x86
		Release|x64 = Release|x64
		Release|x86 = Release|x86
	EndGlobalSection
	GlobalSection(ProjectConfigurationPlatforms) = postSolution
		{1EB5939A-3F93-4568-8D02-8A89CA0CA02E}.Debug|x64.ActiveCfg = Debug|x64
		{1EB5939A-3F93-4568-8D02-8A89CA0CA02E}.Debug|x64.Build.0 = Debug|x64
		{1EB5939A-3F93-4568-8D02-8A89CA0CA02E}.Debug|x86.ActiveCfg = Debug|Win32
		{1EB5939A-3F93-4568-8D02-8A89CA0CA02E}.Debug|x86.Build.0 = Debug|Win32
		{1EB5939A-3F93-4568-8D02-8A89CA0CA02E}.Release|x64.ActiveCfg = Release|x64
		{1EB5939A-3F93-4568-8D02-8A89CA0CA02E}.Release|x64.Build.0 = Release|x64
		{1EB5939A-3F93-4568-8D02-8A89CA0CA02E}.Release|x86.ActiveCfg = Release|Win32
		{1EB5939A-3F93-4568-8D02-8A89CA0CA02E}.Release|x86.Build.0 = Release|Win32
	EndGlobalSection
	GlobalSection(SolutionProperties) = preSolution
		HideSolutionNode = FALSE
	EndGlobalSection
	GlobalSection(ExtensibilityGlobals) = postSolution
		SolutionGuid = {01AF0389-157E-41F2-8FB8-A6A242DBFFCB}
	EndGlobalSection
EndGlobal
